Microsoft Visual Studio Solution File, Format Version 12.00
# Visual Studio Version 17
VisualStudioVersion = 17.5.2.0
MinimumVisualStudioVersion = 10.0.40219.1
Project("{FAE04EC0-301F-11D3-BF4B-00C04F79EFBC}") = "loginPage", "loginPage.csproj", "{34F4FA31-B65A-ECCF-D256-6B64E56F9CBE}"
EndProject
Global
	GlobalSection(SolutionConfigurationPlatforms) = preSolution
		Debug|Any CPU = Debug|Any CPU
		Release|Any CPU = Release|Any CPU
	EndGlobalSection
	GlobalSection(ProjectConfigurationPlatforms) = postSolution
		{34F4FA31-B65A-ECCF-D256-6B64E56F9CBE}.Debug|Any CPU.ActiveCfg = Debug|Any CPU
		{34F4FA31-B65A-ECCF-D256-6B64E56F9CBE}.Debug|Any CPU.Build.0 = Debug|Any CPU
		{34F4FA31-B65A-ECCF-D256-6B64E56F9CBE}.Release|Any CPU.ActiveCfg = Release|Any CPU
		{34F4FA31-B65A-ECCF-D256-6B64E56F9CBE}.Release|Any CPU.Build.0 = Release|Any CPU
	EndGlobalSection
	GlobalSection(SolutionProperties) = preSolution
		HideSolutionNode = FALSE
	EndGlobalSection
	GlobalSection(ExtensibilityGlobals) = postSolution
		SolutionGuid = {E14FFB3B-2A19-49A1-A7E8-6B62E81276FA}
	EndGlobalSection
EndGlobal
